
Microsoft Visual Studio Solution File, Format Version 12.00
# Visual Studio Version 17
VisualStudioVersion = 17.7.34221.43
MinimumVisualStudioVersion = 10.0.40219.1
Project("{2150E333-8FDC-42A3-9474-1A3956D46DE8}") = "Services", "Services", "{C1D5535A-3D35-4EBF-ADAE-3F85DE27B8F6}"
EndProject
Project("{2150E333-8FDC-42A3-9474-1A3956D46DE8}") = "Catalog", "Catalog", "{503174A3-C7D4-402F-9CDF-6051F4D1E738}"
EndProject
Project("{FAE04EC0-301F-11D3-BF4B-00C04F79EFBC}") = "Catalog.API", "Services\Catalog\Catalog.API\Catalog.API.csproj", "{F6BC30BB-F087-478C-9E07-B822515EDC74}"
EndProject
Global
	GlobalSection(SolutionConfigurationPlatforms) = preSolution
		Debug|Any CPU = Debug|Any CPU
		Release|Any CPU = Release|Any CPU
	EndGlobalSection
	GlobalSection(ProjectConfigurationPlatforms) = postSolution
		{F6BC30BB-F087-478C-9E07-B822515EDC74}.Debug|Any CPU.ActiveCfg = Debug|Any CPU
		{F6BC30BB-F087-478C-9E07-B822515EDC74}.Debug|Any CPU.Build.0 = Debug|Any CPU
		{F6BC30BB-F087-478C-9E07-B822515EDC74}.Release|Any CPU.ActiveCfg = Release|Any CPU
		{F6BC30BB-F087-478C-9E07-B822515EDC74}.Release|Any CPU.Build.0 = Release|Any CPU
	EndGlobalSection
	GlobalSection(SolutionProperties) = preSolution
		HideSolutionNode = FALSE
	EndGlobalSection
	GlobalSection(NestedProjects) = preSolution
		{503174A3-C7D4-402F-9CDF-6051F4D1E738} = {C1D5535A-3D35-4EBF-ADAE-3F85DE27B8F6}
		{F6BC30BB-F087-478C-9E07-B822515EDC74} = {503174A3-C7D4-402F-9CDF-6051F4D1E738}
	EndGlobalSection
	GlobalSection(ExtensibilityGlobals) = postSolution
		SolutionGuid = {8CC730F3-353B-48A2-AB46-F8E7D10B5D47}
	EndGlobalSection
EndGlobal
